
Microsoft Visual Studio Solution File, Format Version 12.00
# Visual Studio Version 17
VisualStudioVersion = 17.3.32901.215
MinimumVisualStudioVersion = 10.0.40219.1
Project("{FAE04EC0-301F-11D3-BF4B-00C04F79EFBC}") = "Schedu", "Schedu.csproj", "{6B2DDDA4-6BFA-446B-AA4C-6E1DC70A433D}"
EndProject
Global
	GlobalSection(SolutionConfigurationPlatforms) = preSolution
		Debug|Any CPU = Debug|Any CPU
		Release|Any CPU = Release|Any CPU
	EndGlobalSection
	GlobalSection(ProjectConfigurationPlatforms) = postSolution
		{6B2DDDA4-6BFA-446B-AA4C-6E1DC70A433D}.Debug|Any CPU.ActiveCfg = Debug|Any CPU
		{6B2DDDA4-6BFA-446B-AA4C-6E1DC70A433D}.Debug|Any CPU.Build.0 = Debug|Any CPU
		{6B2DDDA4-6BFA-446B-AA4C-6E1DC70A433D}.Release|Any CPU.ActiveCfg = Release|Any CPU
		{6B2DDDA4-6BFA-446B-AA4C-6E1DC70A433D}.Release|Any CPU.Build.0 = Release|Any CPU
	EndGlobalSection
	GlobalSection(SolutionProperties) = preSolution
		HideSolutionNode = FALSE
	EndGlobalSection
	GlobalSection(ExtensibilityGlobals) = postSolution
		SolutionGuid = {727A108D-E21E-4EC7-A058-11B593921249}
	EndGlobalSection
EndGlobal
